
Microsoft Visual Studio Solution File, Format Version 12.00
# Visual Studio Version 16
VisualStudioVersion = 16.0.29509.3
MinimumVisualStudioVersion = 10.0.40219.1
Project("{8BC9CEB8-8B4A-11D0-8D11-00A0C91BC942}") = "ilyin_program", "ilyin_program\ilyin_program.vcxproj", "{3F8E4547-4F13-4446-8962-B1F35486F1D1}"
EndProject
Global
	GlobalSection(SolutionConfigurationPlatforms) = preSolution
		Debug|x64 = Debug|x64
		Debug|x86 = Debug|x86
		Release|x64 = Release|x64
		Release|x86 = Release|x86
	EndGlobalSection
	GlobalSection(ProjectConfigurationPlatforms) = postSolution
		{3F8E4547-4F13-4446-8962-B1F35486F1D1}.Debug|x64.ActiveCfg = Debug|x64
		{3F8E4547-4F13-4446-8962-B1F35486F1D1}.Debug|x64.Build.0 = Debug|x64
		{3F8E4547-4F13-4446-8962-B1F35486F1D1}.Debug|x86.ActiveCfg = Debug|Win32
		{3F8E4547-4F13-4446-8962-B1F35486F1D1}.Debug|x86.Build.0 = Debug|Win32
		{3F8E4547-4F13-4446-8962-B1F35486F1D1}.Release|x64.ActiveCfg = Release|x64
		{3F8E4547-4F13-4446-8962-B1F35486F1D1}.Release|x64.Build.0 = Release|x64
		{3F8E4547-4F13-4446-8962-B1F35486F1D1}.Release|x86.ActiveCfg = Release|Win32
		{3F8E4547-4F13-4446-8962-B1F35486F1D1}.Release|x86.Build.0 = Release|Win32
	EndGlobalSection
	GlobalSection(SolutionProperties) = preSolution
		HideSolutionNode = FALSE
	EndGlobalSection
	GlobalSection(ExtensibilityGlobals) = postSolution
		SolutionGuid = {C2849F2F-1454-4892-8C7E-4AAE87D90307}
	EndGlobalSection
EndGlobal
